
Microsoft Visual Studio Solution File, Format Version 12.00
# Visual Studio Version 17
VisualStudioVersion = 17.0.32014.148
MinimumVisualStudioVersion = 10.0.40219.1
Project("{FAE04EC0-301F-11D3-BF4B-00C04F79EFBC}") = "Channels", "src\Channels.csproj", "{9E11AFD2-70BA-4B17-AE1F-2B13584E977E}"
EndProject
Global
	GlobalSection(SolutionConfigurationPlatforms) = preSolution
		Debug|Any CPU = Debug|Any CPU
		Release|Any CPU = Release|Any CPU
	EndGlobalSection
	GlobalSection(ProjectConfigurationPlatforms) = postSolution
		{9E11AFD2-70BA-4B17-AE1F-2B13584E977E}.Debug|Any CPU.ActiveCfg = Debug|Any CPU
		{9E11AFD2-70BA-4B17-AE1F-2B13584E977E}.Debug|Any CPU.Build.0 = Debug|Any CPU
		{9E11AFD2-70BA-4B17-AE1F-2B13584E977E}.Release|Any CPU.ActiveCfg = Release|Any CPU
		{9E11AFD2-70BA-4B17-AE1F-2B13584E977E}.Release|Any CPU.Build.0 = Release|Any CPU
	EndGlobalSection
	GlobalSection(SolutionProperties) = preSolution
		HideSolutionNode = FALSE
	EndGlobalSection
	GlobalSection(ExtensibilityGlobals) = postSolution
		SolutionGuid = {FE316894-3B05-48C9-9A79-EBA8E3B1ABFB}
	EndGlobalSection
EndGlobal
